
Microsoft Visual Studio Solution File, Format Version 12.00
# Visual Studio Version 16
VisualStudioVersion = 16.0.30204.135
MinimumVisualStudioVersion = 10.0.40219.1
Project("{FAE04EC0-301F-11D3-BF4B-00C04F79EFBC}") = "Monopoly_Commandline", "Monopoly_Commandline\Monopoly_Commandline.csproj", "{606D9152-A9E7-450E-A8A7-6E485C64F460}"
EndProject
Global
	GlobalSection(SolutionConfigurationPlatforms) = preSolution
		Debug|Any CPU = Debug|Any CPU
		Release|Any CPU = Release|Any CPU
	EndGlobalSection
	GlobalSection(ProjectConfigurationPlatforms) = postSolution
		{606D9152-A9E7-450E-A8A7-6E485C64F460}.Debug|Any CPU.ActiveCfg = Debug|Any CPU
		{606D9152-A9E7-450E-A8A7-6E485C64F460}.Debug|Any CPU.Build.0 = Debug|Any CPU
		{606D9152-A9E7-450E-A8A7-6E485C64F460}.Release|Any CPU.ActiveCfg = Release|Any CPU
		{606D9152-A9E7-450E-A8A7-6E485C64F460}.Release|Any CPU.Build.0 = Release|Any CPU
	EndGlobalSection
	GlobalSection(SolutionProperties) = preSolution
		HideSolutionNode = FALSE
	EndGlobalSection
	GlobalSection(ExtensibilityGlobals) = postSolution
		SolutionGuid = {92907B56-7230-4A49-953B-9E41F5268BCC}
	EndGlobalSection
EndGlobal
