
Microsoft Visual Studio Solution File, Format Version 12.00
# Visual Studio Version 16
VisualStudioVersion = 16.0.30204.135
MinimumVisualStudioVersion = 10.0.40219.1
Project("{FAE04EC0-301F-11D3-BF4B-00C04F79EFBC}") = "Atosprogramm_Monopoly", "Atosprogramm_Monopoly\Atosprogramm_Monopoly.csproj", "{AA806DC2-D1A4-49B4-805E-044A0A63BF19}"
EndProject
Global
	GlobalSection(SolutionConfigurationPlatforms) = preSolution
		Debug|Any CPU = Debug|Any CPU
		Release|Any CPU = Release|Any CPU
	EndGlobalSection
	GlobalSection(ProjectConfigurationPlatforms) = postSolution
		{AA806DC2-D1A4-49B4-805E-044A0A63BF19}.Debug|Any CPU.ActiveCfg = Debug|Any CPU
		{AA806DC2-D1A4-49B4-805E-044A0A63BF19}.Debug|Any CPU.Build.0 = Debug|Any CPU
		{AA806DC2-D1A4-49B4-805E-044A0A63BF19}.Release|Any CPU.ActiveCfg = Release|Any CPU
		{AA806DC2-D1A4-49B4-805E-044A0A63BF19}.Release|Any CPU.Build.0 = Release|Any CPU
	EndGlobalSection
	GlobalSection(SolutionProperties) = preSolution
		HideSolutionNode = FALSE
	EndGlobalSection
	GlobalSection(ExtensibilityGlobals) = postSolution
		SolutionGuid = {0DF7266F-456D-4789-BD1A-2C1AC18A21D2}
	EndGlobalSection
EndGlobal
